{
  "nodes": {
    "examples": {
      "flake": false,
      "locked": {
        "lastModified": 1611926290,
        "narHash": "sha256-B8kzh9leqLXif7UfM3QId4yanq0VRxX0YZZAUlPEpdw=",
        "owner": "lorenzleutgeb",
        "repo": "lac-examples",
        "rev": "03aee490d50b97a59aefe4f2dc1bf008bded83c8",
        "type": "github"
      },
      "original": {
        "owner": "lorenzleutgeb",
        "repo": "lac-examples",
        "type": "github"
      }
    },
    "flake-utils": {
      "locked": {
        "lastModified": 1605370193,
        "narHash": "sha256-YyMTf3URDL/otKdKgtoMChu4vfVL3vCMkRqpGifhUn0=",
        "owner": "numtide",
        "repo": "flake-utils",
        "rev": "5021eac20303a61fafe17224c087f5519baed54d",
        "type": "github"
      },
      "original": {
        "owner": "numtide",
        "repo": "flake-utils",
        "type": "github"
      }
    },
    "gradle2nix": {
      "inputs": {
        "flake-utils": "flake-utils",
        "nixpkgs": [
          "nixpkgs"
        ]
      },
      "locked": {
        "lastModified": 1609821491,
        "narHash": "sha256-nMbQZ6UAhRXiJC/b4wG5S7pdN+pYI2GfbhjMB7afbs4=",
        "owner": "tadfisher",
        "repo": "gradle2nix",
        "rev": "13958d35bf568e03d45ca00648471e70d7f5fda6",
        "type": "github"
      },
      "original": {
        "owner": "tadfisher",
        "repo": "gradle2nix",
        "type": "github"
      }
    },
    "nixpkgs": {
      "locked": {
        "lastModified": 1611575689,
        "narHash": "sha256-z2rNP3zdVnGxp9iV2Rbn0/LLKhk47DZQKxDkpYFLI7M=",
        "owner": "NixOS",
        "repo": "nixpkgs",
        "rev": "891f607d5301d6730cb1f9dcf3618bcb1ab7f10e",
        "type": "github"
      },
      "original": {
        "id": "nixpkgs",
        "ref": "nixos-unstable",
        "type": "indirect"
      }
    },
    "root": {
      "inputs": {
        "examples": "examples",
        "gradle2nix": "gradle2nix",
        "nixpkgs": "nixpkgs"
      }
    }
  },
  "root": "root",
  "version": 7
}
