{
  "nodes": {
    "examples": {
      "flake": false,
      "locked": {
        "lastModified": 1618432220,
        "narHash": "sha256-+dENbqOTSETHjR7L0A+WIujZ38SAk5FzwDNC3O0miWg=",
        "owner": "lorenzleutgeb",
        "repo": "atlas-examples",
        "rev": "28eced73b64d9e6fceb7f0b6149138e3596e4c52",
        "type": "github"
      },
      "original": {
        "owner": "lorenzleutgeb",
        "repo": "atlas-examples",
        "type": "github"
      }
    },
    "flake-utils": {
      "locked": {
        "lastModified": 1605370193,
        "narHash": "sha256-YyMTf3URDL/otKdKgtoMChu4vfVL3vCMkRqpGifhUn0=",
        "owner": "numtide",
        "repo": "flake-utils",
        "rev": "5021eac20303a61fafe17224c087f5519baed54d",
        "type": "github"
      },
      "original": {
        "owner": "numtide",
        "repo": "flake-utils",
        "type": "github"
      }
    },
    "gradle2nix": {
      "inputs": {
        "flake-utils": "flake-utils",
        "nixpkgs": [
          "nixpkgs"
        ]
      },
      "locked": {
        "lastModified": 1615424709,
        "narHash": "sha256-N45ncEA9tA8iT0EqxmlEtqrd81m4dXRHe/w2oWXT4lg=",
        "owner": "tadfisher",
        "repo": "gradle2nix",
        "rev": "fafe5b7e0b0caf4682111e594bb9087559ee3a4f",
        "type": "github"
      },
      "original": {
        "owner": "tadfisher",
        "repo": "gradle2nix",
        "type": "github"
      }
    },
    "nixpkgs": {
      "locked": {
        "lastModified": 1618801528,
        "narHash": "sha256-1ru9LzP33ElEAZcDzYLgJQG3/uHhAg0LFJEfVZSOPZg=",
        "owner": "NixOS",
        "repo": "nixpkgs",
        "rev": "0a5f5bab0e08e968ef25cff393312aa51a3512cf",
        "type": "github"
      },
      "original": {
        "id": "nixpkgs",
        "ref": "nixos-unstable",
        "type": "indirect"
      }
    },
    "root": {
      "inputs": {
        "examples": "examples",
        "gradle2nix": "gradle2nix",
        "nixpkgs": "nixpkgs"
      }
    }
  },
  "root": "root",
  "version": 7
}
